
Microsoft Visual Studio Solution File, Format Version 12.00
# Visual Studio Version 17
VisualStudioVersion = 17.8.34511.84
MinimumVisualStudioVersion = 10.0.40219.1
Project("{FAE04EC0-301F-11D3-BF4B-00C04F79EFBC}") = "MauiCalculator", "MauiCalculator\MauiCalculator.csproj", "{191D47FD-CCA9-40E4-817D-C117896515E0}"
EndProject
Global
	GlobalSection(SolutionConfigurationPlatforms) = preSolution
		Debug|Any CPU = Debug|Any CPU
		Release|Any CPU = Release|Any CPU
	EndGlobalSection
	GlobalSection(ProjectConfigurationPlatforms) = postSolution
		{191D47FD-CCA9-40E4-817D-C117896515E0}.Debug|Any CPU.ActiveCfg = Debug|Any CPU
		{191D47FD-CCA9-40E4-817D-C117896515E0}.Debug|Any CPU.Build.0 = Debug|Any CPU
		{191D47FD-CCA9-40E4-817D-C117896515E0}.Debug|Any CPU.Deploy.0 = Debug|Any CPU
		{191D47FD-CCA9-40E4-817D-C117896515E0}.Release|Any CPU.ActiveCfg = Release|Any CPU
		{191D47FD-CCA9-40E4-817D-C117896515E0}.Release|Any CPU.Build.0 = Release|Any CPU
		{191D47FD-CCA9-40E4-817D-C117896515E0}.Release|Any CPU.Deploy.0 = Release|Any CPU
	EndGlobalSection
	GlobalSection(SolutionProperties) = preSolution
		HideSolutionNode = FALSE
	EndGlobalSection
	GlobalSection(ExtensibilityGlobals) = postSolution
		SolutionGuid = {828BE2C8-AA21-47CF-9B1D-2398EBFB9D98}
	EndGlobalSection
EndGlobal
